
Microsoft Visual Studio Solution File, Format Version 12.00
# Visual Studio Version 17
VisualStudioVersion = 17.5.33516.290
MinimumVisualStudioVersion = 10.0.40219.1
Project("{FAE04EC0-301F-11D3-BF4B-00C04F79EFBC}") = "Hotel_Business", "..\Hotel_Business\Hotel_Business.csproj", "{A909AFF2-A8D4-4B03-852A-2B9198C207C5}"
EndProject
Project("{FAE04EC0-301F-11D3-BF4B-00C04F79EFBC}") = "Hotel_DataAccess", "..\Hotel_DataAccess\Hotel_DataAccess.csproj", "{31E0777F-72BA-4C91-947D-42302C4FF476}"
EndProject
Project("{FAE04EC0-301F-11D3-BF4B-00C04F79EFBC}") = "Hotel", "Hotel.csproj", "{CE2B4280-B688-4F29-A81A-0930633A7AC0}"
EndProject
Global
	GlobalSection(SolutionConfigurationPlatforms) = preSolution
		Debug|Any CPU = Debug|Any CPU
		Release|Any CPU = Release|Any CPU
	EndGlobalSection
	GlobalSection(ProjectConfigurationPlatforms) = postSolution
		{A909AFF2-A8D4-4B03-852A-2B9198C207C5}.Debug|Any CPU.ActiveCfg = Debug|Any CPU
		{A909AFF2-A8D4-4B03-852A-2B9198C207C5}.Debug|Any CPU.Build.0 = Debug|Any CPU
		{A909AFF2-A8D4-4B03-852A-2B9198C207C5}.Release|Any CPU.ActiveCfg = Release|Any CPU
		{A909AFF2-A8D4-4B03-852A-2B9198C207C5}.Release|Any CPU.Build.0 = Release|Any CPU
		{31E0777F-72BA-4C91-947D-42302C4FF476}.Debug|Any CPU.ActiveCfg = Debug|Any CPU
		{31E0777F-72BA-4C91-947D-42302C4FF476}.Debug|Any CPU.Build.0 = Debug|Any CPU
		{31E0777F-72BA-4C91-947D-42302C4FF476}.Release|Any CPU.ActiveCfg = Release|Any CPU
		{31E0777F-72BA-4C91-947D-42302C4FF476}.Release|Any CPU.Build.0 = Release|Any CPU
		{CE2B4280-B688-4F29-A81A-0930633A7AC0}.Debug|Any CPU.ActiveCfg = Debug|Any CPU
		{CE2B4280-B688-4F29-A81A-0930633A7AC0}.Debug|Any CPU.Build.0 = Debug|Any CPU
		{CE2B4280-B688-4F29-A81A-0930633A7AC0}.Release|Any CPU.ActiveCfg = Release|Any CPU
		{CE2B4280-B688-4F29-A81A-0930633A7AC0}.Release|Any CPU.Build.0 = Release|Any CPU
	EndGlobalSection
	GlobalSection(SolutionProperties) = preSolution
		HideSolutionNode = FALSE
	EndGlobalSection
	GlobalSection(ExtensibilityGlobals) = postSolution
		SolutionGuid = {F6BA4D05-B971-4EF6-9A04-8A4A4D3297B0}
	EndGlobalSection
EndGlobal
